
Microsoft Visual Studio Solution File, Format Version 12.00
# Visual Studio Version 16
VisualStudioVersion = 16.0.30309.148
MinimumVisualStudioVersion = 10.0.40219.1
Project("{9A19103F-16F7-4668-BE54-9A1E7A4F7556}") = "ToyRobotSimulation.App", "src\ToyRobotSimulation.App\ToyRobotSimulation.App.csproj", "{FD82640C-D1C6-4735-89FA-CFF12D57D277}"
EndProject
Project("{FAE04EC0-301F-11D3-BF4B-00C04F79EFBC}") = "ToyRobotSimulation.Tests", "tests\ToyRobotSimulation.Tests\ToyRobotSimulation.Tests.csproj", "{54AC6B83-0ECE-40CD-9393-86B97EBCA2FB}"
EndProject
Global
	GlobalSection(SolutionConfigurationPlatforms) = preSolution
		Debug|Any CPU = Debug|Any CPU
		Release|Any CPU = Release|Any CPU
	EndGlobalSection
	GlobalSection(ProjectConfigurationPlatforms) = postSolution
		{FD82640C-D1C6-4735-89FA-CFF12D57D277}.Debug|Any CPU.ActiveCfg = Debug|Any CPU
		{FD82640C-D1C6-4735-89FA-CFF12D57D277}.Debug|Any CPU.Build.0 = Debug|Any CPU
		{FD82640C-D1C6-4735-89FA-CFF12D57D277}.Release|Any CPU.ActiveCfg = Release|Any CPU
		{FD82640C-D1C6-4735-89FA-CFF12D57D277}.Release|Any CPU.Build.0 = Release|Any CPU
		{54AC6B83-0ECE-40CD-9393-86B97EBCA2FB}.Debug|Any CPU.ActiveCfg = Debug|Any CPU
		{54AC6B83-0ECE-40CD-9393-86B97EBCA2FB}.Debug|Any CPU.Build.0 = Debug|Any CPU
		{54AC6B83-0ECE-40CD-9393-86B97EBCA2FB}.Release|Any CPU.ActiveCfg = Release|Any CPU
		{54AC6B83-0ECE-40CD-9393-86B97EBCA2FB}.Release|Any CPU.Build.0 = Release|Any CPU
	EndGlobalSection
	GlobalSection(SolutionProperties) = preSolution
		HideSolutionNode = FALSE
	EndGlobalSection
	GlobalSection(ExtensibilityGlobals) = postSolution
		SolutionGuid = {D71BE684-9426-48BB-8F77-780DD342A47E}
	EndGlobalSection
EndGlobal
